
Microsoft Visual Studio Solution File, Format Version 12.00
# Visual Studio Version 17
VisualStudioVersion = 17.7.34024.191
MinimumVisualStudioVersion = 10.0.40219.1
Project("{2150E333-8FDC-42A3-9474-1A3956D46DE8}") = "Aula01", "Aula01", "{80389DB6-762E-4AD8-BA22-B51A406A3117}"
EndProject
Project("{2150E333-8FDC-42A3-9474-1A3956D46DE8}") = "Aula02", "Aula02", "{0C3F79FC-ED41-4B64-9CEA-62089CF633EC}"
EndProject
Project("{2150E333-8FDC-42A3-9474-1A3956D46DE8}") = "Aula03", "Aula03", "{D1829EA7-EDE7-452F-87AF-93A3D7A90808}"
EndProject
Project("{2150E333-8FDC-42A3-9474-1A3956D46DE8}") = "Aula04", "Aula04", "{501D263B-BF10-4967-B2FD-48F03C3A5BF2}"
EndProject
Project("{2150E333-8FDC-42A3-9474-1A3956D46DE8}") = "Aula05", "Aula05", "{63F2FB40-B37A-4A98-82C4-D87A78C55528}"
EndProject
Project("{2150E333-8FDC-42A3-9474-1A3956D46DE8}") = "antes", "antes", "{7B438652-696E-4411-8F39-F66D79C2EAA5}"
EndProject
Project("{2150E333-8FDC-42A3-9474-1A3956D46DE8}") = "comandos", "comandos", "{144AAFCE-D2C8-4383-ABD9-1517EF73F7F5}"
	ProjectSection(SolutionItems) = preProject
		PreparandoAmbiente1.1.ps1 = PreparandoAmbiente1.1.ps1
		Aula01\comandos\Video1.2.ps1 = Aula01\comandos\Video1.2.ps1
		Aula01\comandos\Video1.2.txt = Aula01\comandos\Video1.2.txt
		Aula01\comandos\Video1.3.ps1 = Aula01\comandos\Video1.3.ps1
	EndProjectSection
EndProject
Project("{2150E333-8FDC-42A3-9474-1A3956D46DE8}") = "depois", "depois", "{98116C8B-9E1F-4F4A-872E-D4C23A5D5973}"
EndProject
Project("{2150E333-8FDC-42A3-9474-1A3956D46DE8}") = "antes", "antes", "{FDA81013-B48B-4C24-8EA9-4C106F88E04F}"
EndProject
Project("{2150E333-8FDC-42A3-9474-1A3956D46DE8}") = "antes", "antes", "{4AAA215A-B828-40FF-B142-C67002A891DF}"
EndProject
Project("{2150E333-8FDC-42A3-9474-1A3956D46DE8}") = "antes", "antes", "{A54F16D6-C2C5-4C51-BD72-E5603D85781A}"
EndProject
Project("{2150E333-8FDC-42A3-9474-1A3956D46DE8}") = "antes", "antes", "{7C4B7A52-6AC9-4E99-BCD1-4C07408BC52E}"
EndProject
Project("{2150E333-8FDC-42A3-9474-1A3956D46DE8}") = "comandos", "comandos", "{CD864972-6D40-455A-B210-3E1FE9587499}"
EndProject
Project("{2150E333-8FDC-42A3-9474-1A3956D46DE8}") = "comandos", "comandos", "{39B69391-99D3-4735-8965-059B0E89175D}"
EndProject
Project("{2150E333-8FDC-42A3-9474-1A3956D46DE8}") = "comandos", "comandos", "{C6341422-DA5F-41CE-8745-C6078BE15DFB}"
EndProject
Project("{2150E333-8FDC-42A3-9474-1A3956D46DE8}") = "comandos", "comandos", "{53AB29C0-4865-4708-9D64-2F397B2417C5}"
EndProject
Project("{2150E333-8FDC-42A3-9474-1A3956D46DE8}") = "depois", "depois", "{D93C9D75-AFAF-4D04-B9F5-934DAEECD265}"
EndProject
Project("{2150E333-8FDC-42A3-9474-1A3956D46DE8}") = "depois", "depois", "{90AD5DD1-51B8-46AD-9286-9324FF5441ED}"
EndProject
Project("{2150E333-8FDC-42A3-9474-1A3956D46DE8}") = "depois", "depois", "{3507E8F3-7E42-4F12-A3F5-08094E886D6E}"
EndProject
Project("{2150E333-8FDC-42A3-9474-1A3956D46DE8}") = "depois", "depois", "{4FF284E9-78D1-4173-BAB8-4E44FA120D60}"
EndProject
Project("{9A19103F-16F7-4668-BE54-9A1E7A4F7556}") = "Lojinha.NET", "Aula01\antes\Lojinha.NET\Lojinha.NET.csproj", "{988DCC3C-53D6-4A34-A407-E6D950F9126D}"
EndProject
Project("{9A19103F-16F7-4668-BE54-9A1E7A4F7556}") = "Lojinha.NET", "Aula01\depois\Lojinha.NET\Lojinha.NET.csproj", "{4E07DB95-46DC-4956-8CF4-ED17491BBBC4}"
EndProject
Project("{9A19103F-16F7-4668-BE54-9A1E7A4F7556}") = "MarceloLojinhaApp", "Aula01\depois\MarceloLojinhaApp\MarceloLojinhaApp.csproj", "{EE288CDE-AB60-4326-BB27-5AFBB361D760}"
EndProject
Project("{9A19103F-16F7-4668-BE54-9A1E7A4F7556}") = "Organico.Vida", "Aula01\antes\Organico.Vida\Organico.Vida.csproj", "{0874BD0E-5E04-41E2-A062-F8D12EC39F0B}"
EndProject
Project("{9A19103F-16F7-4668-BE54-9A1E7A4F7556}") = "Organico.Vida", "Aula01\depois\Organico.Vida\Organico.Vida.csproj", "{BA7CE698-9D41-4C3C-A5C7-6F889D8A3709}"
EndProject
Global
	GlobalSection(SolutionConfigurationPlatforms) = preSolution
		Debug|Any CPU = Debug|Any CPU
		Release|Any CPU = Release|Any CPU
	EndGlobalSection
	GlobalSection(ProjectConfigurationPlatforms) = postSolution
		{988DCC3C-53D6-4A34-A407-E6D950F9126D}.Debug|Any CPU.ActiveCfg = Debug|Any CPU
		{988DCC3C-53D6-4A34-A407-E6D950F9126D}.Debug|Any CPU.Build.0 = Debug|Any CPU
		{988DCC3C-53D6-4A34-A407-E6D950F9126D}.Release|Any CPU.ActiveCfg = Release|Any CPU
		{988DCC3C-53D6-4A34-A407-E6D950F9126D}.Release|Any CPU.Build.0 = Release|Any CPU
		{4E07DB95-46DC-4956-8CF4-ED17491BBBC4}.Debug|Any CPU.ActiveCfg = Debug|Any CPU
		{4E07DB95-46DC-4956-8CF4-ED17491BBBC4}.Debug|Any CPU.Build.0 = Debug|Any CPU
		{4E07DB95-46DC-4956-8CF4-ED17491BBBC4}.Release|Any CPU.ActiveCfg = Release|Any CPU
		{4E07DB95-46DC-4956-8CF4-ED17491BBBC4}.Release|Any CPU.Build.0 = Release|Any CPU
		{EE288CDE-AB60-4326-BB27-5AFBB361D760}.Debug|Any CPU.ActiveCfg = Debug|Any CPU
		{EE288CDE-AB60-4326-BB27-5AFBB361D760}.Debug|Any CPU.Build.0 = Debug|Any CPU
		{EE288CDE-AB60-4326-BB27-5AFBB361D760}.Release|Any CPU.ActiveCfg = Release|Any CPU
		{EE288CDE-AB60-4326-BB27-5AFBB361D760}.Release|Any CPU.Build.0 = Release|Any CPU
		{0874BD0E-5E04-41E2-A062-F8D12EC39F0B}.Debug|Any CPU.ActiveCfg = Debug|Any CPU
		{0874BD0E-5E04-41E2-A062-F8D12EC39F0B}.Debug|Any CPU.Build.0 = Debug|Any CPU
		{0874BD0E-5E04-41E2-A062-F8D12EC39F0B}.Release|Any CPU.ActiveCfg = Release|Any CPU
		{0874BD0E-5E04-41E2-A062-F8D12EC39F0B}.Release|Any CPU.Build.0 = Release|Any CPU
		{BA7CE698-9D41-4C3C-A5C7-6F889D8A3709}.Debug|Any CPU.ActiveCfg = Debug|Any CPU
		{BA7CE698-9D41-4C3C-A5C7-6F889D8A3709}.Debug|Any CPU.Build.0 = Debug|Any CPU
		{BA7CE698-9D41-4C3C-A5C7-6F889D8A3709}.Release|Any CPU.ActiveCfg = Release|Any CPU
		{BA7CE698-9D41-4C3C-A5C7-6F889D8A3709}.Release|Any CPU.Build.0 = Release|Any CPU
	EndGlobalSection
	GlobalSection(SolutionProperties) = preSolution
		HideSolutionNode = FALSE
	EndGlobalSection
	GlobalSection(NestedProjects) = preSolution
		{7B438652-696E-4411-8F39-F66D79C2EAA5} = {80389DB6-762E-4AD8-BA22-B51A406A3117}
		{144AAFCE-D2C8-4383-ABD9-1517EF73F7F5} = {80389DB6-762E-4AD8-BA22-B51A406A3117}
		{98116C8B-9E1F-4F4A-872E-D4C23A5D5973} = {80389DB6-762E-4AD8-BA22-B51A406A3117}
		{FDA81013-B48B-4C24-8EA9-4C106F88E04F} = {0C3F79FC-ED41-4B64-9CEA-62089CF633EC}
		{4AAA215A-B828-40FF-B142-C67002A891DF} = {D1829EA7-EDE7-452F-87AF-93A3D7A90808}
		{A54F16D6-C2C5-4C51-BD72-E5603D85781A} = {501D263B-BF10-4967-B2FD-48F03C3A5BF2}
		{7C4B7A52-6AC9-4E99-BCD1-4C07408BC52E} = {63F2FB40-B37A-4A98-82C4-D87A78C55528}
		{CD864972-6D40-455A-B210-3E1FE9587499} = {0C3F79FC-ED41-4B64-9CEA-62089CF633EC}
		{39B69391-99D3-4735-8965-059B0E89175D} = {D1829EA7-EDE7-452F-87AF-93A3D7A90808}
		{C6341422-DA5F-41CE-8745-C6078BE15DFB} = {501D263B-BF10-4967-B2FD-48F03C3A5BF2}
		{53AB29C0-4865-4708-9D64-2F397B2417C5} = {63F2FB40-B37A-4A98-82C4-D87A78C55528}
		{D93C9D75-AFAF-4D04-B9F5-934DAEECD265} = {0C3F79FC-ED41-4B64-9CEA-62089CF633EC}
		{90AD5DD1-51B8-46AD-9286-9324FF5441ED} = {D1829EA7-EDE7-452F-87AF-93A3D7A90808}
		{3507E8F3-7E42-4F12-A3F5-08094E886D6E} = {501D263B-BF10-4967-B2FD-48F03C3A5BF2}
		{4FF284E9-78D1-4173-BAB8-4E44FA120D60} = {63F2FB40-B37A-4A98-82C4-D87A78C55528}
		{988DCC3C-53D6-4A34-A407-E6D950F9126D} = {7B438652-696E-4411-8F39-F66D79C2EAA5}
		{4E07DB95-46DC-4956-8CF4-ED17491BBBC4} = {98116C8B-9E1F-4F4A-872E-D4C23A5D5973}
		{EE288CDE-AB60-4326-BB27-5AFBB361D760} = {98116C8B-9E1F-4F4A-872E-D4C23A5D5973}
		{0874BD0E-5E04-41E2-A062-F8D12EC39F0B} = {7B438652-696E-4411-8F39-F66D79C2EAA5}
		{BA7CE698-9D41-4C3C-A5C7-6F889D8A3709} = {98116C8B-9E1F-4F4A-872E-D4C23A5D5973}
	EndGlobalSection
	GlobalSection(ExtensibilityGlobals) = postSolution
		SolutionGuid = {AA6FDA2C-0BE9-4E61-9905-5D5E3F6CD68F}
	EndGlobalSection
EndGlobal
