
Microsoft Visual Studio Solution File, Format Version 12.00
# Visual Studio Version 17
VisualStudioVersion = 17.7.34024.191
MinimumVisualStudioVersion = 10.0.40219.1
Project("{2150E333-8FDC-42A3-9474-1A3956D46DE8}") = "Aula01", "Aula01", "{80389DB6-762E-4AD8-BA22-B51A406A3117}"
EndProject
Project("{2150E333-8FDC-42A3-9474-1A3956D46DE8}") = "Aula02", "Aula02", "{0C3F79FC-ED41-4B64-9CEA-62089CF633EC}"
EndProject
Project("{2150E333-8FDC-42A3-9474-1A3956D46DE8}") = "Aula03", "Aula03", "{D1829EA7-EDE7-452F-87AF-93A3D7A90808}"
EndProject
Project("{2150E333-8FDC-42A3-9474-1A3956D46DE8}") = "Aula04", "Aula04", "{501D263B-BF10-4967-B2FD-48F03C3A5BF2}"
EndProject
Project("{2150E333-8FDC-42A3-9474-1A3956D46DE8}") = "Aula05", "Aula05", "{63F2FB40-B37A-4A98-82C4-D87A78C55528}"
EndProject
Project("{2150E333-8FDC-42A3-9474-1A3956D46DE8}") = "antes", "antes", "{7B438652-696E-4411-8F39-F66D79C2EAA5}"
EndProject
Project("{2150E333-8FDC-42A3-9474-1A3956D46DE8}") = "comandos", "comandos", "{144AAFCE-D2C8-4383-ABD9-1517EF73F7F5}"
	ProjectSection(SolutionItems) = preProject
		PreparandoAmbiente1.1.ps1 = PreparandoAmbiente1.1.ps1
		Aula01\comandos\Video1.2.ps1 = Aula01\comandos\Video1.2.ps1
		Aula01\comandos\Video1.2.txt = Aula01\comandos\Video1.2.txt
		Aula01\comandos\Video1.3.ps1 = Aula01\comandos\Video1.3.ps1
	EndProjectSection
EndProject
Project("{2150E333-8FDC-42A3-9474-1A3956D46DE8}") = "depois", "depois", "{98116C8B-9E1F-4F4A-872E-D4C23A5D5973}"
EndProject
Project("{2150E333-8FDC-42A3-9474-1A3956D46DE8}") = "antes", "antes", "{FDA81013-B48B-4C24-8EA9-4C106F88E04F}"
EndProject
Project("{2150E333-8FDC-42A3-9474-1A3956D46DE8}") = "antes", "antes", "{4AAA215A-B828-40FF-B142-C67002A891DF}"
EndProject
Project("{2150E333-8FDC-42A3-9474-1A3956D46DE8}") = "antes", "antes", "{A54F16D6-C2C5-4C51-BD72-E5603D85781A}"
EndProject
Project("{2150E333-8FDC-42A3-9474-1A3956D46DE8}") = "antes", "antes", "{7C4B7A52-6AC9-4E99-BCD1-4C07408BC52E}"
EndProject
Project("{2150E333-8FDC-42A3-9474-1A3956D46DE8}") = "comandos", "comandos", "{CD864972-6D40-455A-B210-3E1FE9587499}"
EndProject
Project("{2150E333-8FDC-42A3-9474-1A3956D46DE8}") = "comandos", "comandos", "{39B69391-99D3-4735-8965-059B0E89175D}"
EndProject
Project("{2150E333-8FDC-42A3-9474-1A3956D46DE8}") = "comandos", "comandos", "{C6341422-DA5F-41CE-8745-C6078BE15DFB}"
EndProject
Project("{2150E333-8FDC-42A3-9474-1A3956D46DE8}") = "comandos", "comandos", "{53AB29C0-4865-4708-9D64-2F397B2417C5}"
EndProject
Project("{2150E333-8FDC-42A3-9474-1A3956D46DE8}") = "depois", "depois", "{D93C9D75-AFAF-4D04-B9F5-934DAEECD265}"
EndProject
Project("{2150E333-8FDC-42A3-9474-1A3956D46DE8}") = "depois", "depois", "{90AD5DD1-51B8-46AD-9286-9324FF5441ED}"
EndProject
Project("{2150E333-8FDC-42A3-9474-1A3956D46DE8}") = "depois", "depois", "{3507E8F3-7E42-4F12-A3F5-08094E886D6E}"
EndProject
Project("{2150E333-8FDC-42A3-9474-1A3956D46DE8}") = "depois", "depois", "{4FF284E9-78D1-4173-BAB8-4E44FA120D60}"
EndProject
Project("{9A19103F-16F7-4668-BE54-9A1E7A4F7556}") = "Organico", "Aula01\depois\Organico\Organico.csproj", "{06FFA2FF-ADBE-41F6-A6CB-0D4FE927F5AC}"
EndProject
Project("{9A19103F-16F7-4668-BE54-9A1E7A4F7556}") = "Organico", "Aula01\antes\Organico\Organico.csproj", "{87635EC9-E9A5-4001-9CCD-661CBEDE5339}"
EndProject
Project("{9A19103F-16F7-4668-BE54-9A1E7A4F7556}") = "Organico.Library", "Aula01\depois\Organico.Library\Organico.Library.csproj", "{3F4E311B-0A41-44C8-84C9-2693F60EE468}"
EndProject
Project("{9A19103F-16F7-4668-BE54-9A1E7A4F7556}") = "Organico.Library", "Aula01\antes\Organico.Library\Organico.Library.csproj", "{59E6317F-44F6-4E17-A0DB-6E2CF284915D}"
EndProject
Project("{9A19103F-16F7-4668-BE54-9A1E7A4F7556}") = "Organico.FunctionApp", "Aula01\depois\Organico.FunctionApp\Organico.FunctionApp.csproj", "{D926ECC6-8866-430F-831F-307FF625B5F2}"
EndProject
Project("{9A19103F-16F7-4668-BE54-9A1E7A4F7556}") = "Organico", "Aula02\antes\Organico\Organico.csproj", "{69F402E9-59D5-466A-982A-78BAC17279BC}"
EndProject
Project("{9A19103F-16F7-4668-BE54-9A1E7A4F7556}") = "Organico.FunctionApp", "Aula02\antes\Organico.FunctionApp\Organico.FunctionApp.csproj", "{1945641D-283C-4281-831E-29C7C2C216BF}"
EndProject
Project("{9A19103F-16F7-4668-BE54-9A1E7A4F7556}") = "Organico.Library", "Aula02\antes\Organico.Library\Organico.Library.csproj", "{C7817AE5-4C7F-4B7A-A12D-2C52E4F335E0}"
EndProject
Project("{9A19103F-16F7-4668-BE54-9A1E7A4F7556}") = "Organico", "Aula03\antes\Organico\Organico.csproj", "{88878764-6D9F-4DFC-A80A-B14C545C6661}"
EndProject
Project("{9A19103F-16F7-4668-BE54-9A1E7A4F7556}") = "Organico.FunctionApp", "Aula03\antes\Organico.FunctionApp\Organico.FunctionApp.csproj", "{0F7EBDA7-BCC3-497F-9C8F-013D0D4AADAE}"
EndProject
Project("{9A19103F-16F7-4668-BE54-9A1E7A4F7556}") = "Organico.Library", "Aula03\antes\Organico.Library\Organico.Library.csproj", "{2ACCF96D-C868-441B-AA33-3F9606F200C4}"
EndProject
Project("{9A19103F-16F7-4668-BE54-9A1E7A4F7556}") = "Organico", "Aula03\depois\Organico\Organico.csproj", "{BBEB4C33-22C1-4175-9661-FF0FB241AB42}"
EndProject
Project("{9A19103F-16F7-4668-BE54-9A1E7A4F7556}") = "Organico.FunctionApp", "Aula03\depois\Organico.FunctionApp\Organico.FunctionApp.csproj", "{DAFB7CD9-FBD2-4655-8966-77F6CAD1C52B}"
EndProject
Project("{9A19103F-16F7-4668-BE54-9A1E7A4F7556}") = "Organico.Library", "Aula03\depois\Organico.Library\Organico.Library.csproj", "{DF6CB48C-0B78-4B2E-A94F-BBB86753F1CA}"
EndProject
Global
	GlobalSection(SolutionConfigurationPlatforms) = preSolution
		Debug|Any CPU = Debug|Any CPU
		Release|Any CPU = Release|Any CPU
	EndGlobalSection
	GlobalSection(ProjectConfigurationPlatforms) = postSolution
		{06FFA2FF-ADBE-41F6-A6CB-0D4FE927F5AC}.Debug|Any CPU.ActiveCfg = Debug|Any CPU
		{06FFA2FF-ADBE-41F6-A6CB-0D4FE927F5AC}.Debug|Any CPU.Build.0 = Debug|Any CPU
		{06FFA2FF-ADBE-41F6-A6CB-0D4FE927F5AC}.Release|Any CPU.ActiveCfg = Release|Any CPU
		{06FFA2FF-ADBE-41F6-A6CB-0D4FE927F5AC}.Release|Any CPU.Build.0 = Release|Any CPU
		{87635EC9-E9A5-4001-9CCD-661CBEDE5339}.Debug|Any CPU.ActiveCfg = Debug|Any CPU
		{87635EC9-E9A5-4001-9CCD-661CBEDE5339}.Debug|Any CPU.Build.0 = Debug|Any CPU
		{87635EC9-E9A5-4001-9CCD-661CBEDE5339}.Release|Any CPU.ActiveCfg = Release|Any CPU
		{87635EC9-E9A5-4001-9CCD-661CBEDE5339}.Release|Any CPU.Build.0 = Release|Any CPU
		{3F4E311B-0A41-44C8-84C9-2693F60EE468}.Debug|Any CPU.ActiveCfg = Debug|Any CPU
		{3F4E311B-0A41-44C8-84C9-2693F60EE468}.Debug|Any CPU.Build.0 = Debug|Any CPU
		{3F4E311B-0A41-44C8-84C9-2693F60EE468}.Release|Any CPU.ActiveCfg = Release|Any CPU
		{3F4E311B-0A41-44C8-84C9-2693F60EE468}.Release|Any CPU.Build.0 = Release|Any CPU
		{59E6317F-44F6-4E17-A0DB-6E2CF284915D}.Debug|Any CPU.ActiveCfg = Debug|Any CPU
		{59E6317F-44F6-4E17-A0DB-6E2CF284915D}.Debug|Any CPU.Build.0 = Debug|Any CPU
		{59E6317F-44F6-4E17-A0DB-6E2CF284915D}.Release|Any CPU.ActiveCfg = Release|Any CPU
		{59E6317F-44F6-4E17-A0DB-6E2CF284915D}.Release|Any CPU.Build.0 = Release|Any CPU
		{D926ECC6-8866-430F-831F-307FF625B5F2}.Debug|Any CPU.ActiveCfg = Debug|Any CPU
		{D926ECC6-8866-430F-831F-307FF625B5F2}.Debug|Any CPU.Build.0 = Debug|Any CPU
		{D926ECC6-8866-430F-831F-307FF625B5F2}.Release|Any CPU.ActiveCfg = Release|Any CPU
		{D926ECC6-8866-430F-831F-307FF625B5F2}.Release|Any CPU.Build.0 = Release|Any CPU
		{69F402E9-59D5-466A-982A-78BAC17279BC}.Debug|Any CPU.ActiveCfg = Debug|Any CPU
		{69F402E9-59D5-466A-982A-78BAC17279BC}.Debug|Any CPU.Build.0 = Debug|Any CPU
		{69F402E9-59D5-466A-982A-78BAC17279BC}.Release|Any CPU.ActiveCfg = Release|Any CPU
		{69F402E9-59D5-466A-982A-78BAC17279BC}.Release|Any CPU.Build.0 = Release|Any CPU
		{1945641D-283C-4281-831E-29C7C2C216BF}.Debug|Any CPU.ActiveCfg = Debug|Any CPU
		{1945641D-283C-4281-831E-29C7C2C216BF}.Debug|Any CPU.Build.0 = Debug|Any CPU
		{1945641D-283C-4281-831E-29C7C2C216BF}.Release|Any CPU.ActiveCfg = Release|Any CPU
		{1945641D-283C-4281-831E-29C7C2C216BF}.Release|Any CPU.Build.0 = Release|Any CPU
		{C7817AE5-4C7F-4B7A-A12D-2C52E4F335E0}.Debug|Any CPU.ActiveCfg = Debug|Any CPU
		{C7817AE5-4C7F-4B7A-A12D-2C52E4F335E0}.Debug|Any CPU.Build.0 = Debug|Any CPU
		{C7817AE5-4C7F-4B7A-A12D-2C52E4F335E0}.Release|Any CPU.ActiveCfg = Release|Any CPU
		{C7817AE5-4C7F-4B7A-A12D-2C52E4F335E0}.Release|Any CPU.Build.0 = Release|Any CPU
		{88878764-6D9F-4DFC-A80A-B14C545C6661}.Debug|Any CPU.ActiveCfg = Debug|Any CPU
		{88878764-6D9F-4DFC-A80A-B14C545C6661}.Debug|Any CPU.Build.0 = Debug|Any CPU
		{88878764-6D9F-4DFC-A80A-B14C545C6661}.Release|Any CPU.ActiveCfg = Release|Any CPU
		{88878764-6D9F-4DFC-A80A-B14C545C6661}.Release|Any CPU.Build.0 = Release|Any CPU
		{0F7EBDA7-BCC3-497F-9C8F-013D0D4AADAE}.Debug|Any CPU.ActiveCfg = Debug|Any CPU
		{0F7EBDA7-BCC3-497F-9C8F-013D0D4AADAE}.Debug|Any CPU.Build.0 = Debug|Any CPU
		{0F7EBDA7-BCC3-497F-9C8F-013D0D4AADAE}.Release|Any CPU.ActiveCfg = Release|Any CPU
		{0F7EBDA7-BCC3-497F-9C8F-013D0D4AADAE}.Release|Any CPU.Build.0 = Release|Any CPU
		{2ACCF96D-C868-441B-AA33-3F9606F200C4}.Debug|Any CPU.ActiveCfg = Debug|Any CPU
		{2ACCF96D-C868-441B-AA33-3F9606F200C4}.Debug|Any CPU.Build.0 = Debug|Any CPU
		{2ACCF96D-C868-441B-AA33-3F9606F200C4}.Release|Any CPU.ActiveCfg = Release|Any CPU
		{2ACCF96D-C868-441B-AA33-3F9606F200C4}.Release|Any CPU.Build.0 = Release|Any CPU
		{BBEB4C33-22C1-4175-9661-FF0FB241AB42}.Debug|Any CPU.ActiveCfg = Debug|Any CPU
		{BBEB4C33-22C1-4175-9661-FF0FB241AB42}.Debug|Any CPU.Build.0 = Debug|Any CPU
		{BBEB4C33-22C1-4175-9661-FF0FB241AB42}.Release|Any CPU.ActiveCfg = Release|Any CPU
		{BBEB4C33-22C1-4175-9661-FF0FB241AB42}.Release|Any CPU.Build.0 = Release|Any CPU
		{DAFB7CD9-FBD2-4655-8966-77F6CAD1C52B}.Debug|Any CPU.ActiveCfg = Debug|Any CPU
		{DAFB7CD9-FBD2-4655-8966-77F6CAD1C52B}.Debug|Any CPU.Build.0 = Debug|Any CPU
		{DAFB7CD9-FBD2-4655-8966-77F6CAD1C52B}.Release|Any CPU.ActiveCfg = Release|Any CPU
		{DAFB7CD9-FBD2-4655-8966-77F6CAD1C52B}.Release|Any CPU.Build.0 = Release|Any CPU
		{DF6CB48C-0B78-4B2E-A94F-BBB86753F1CA}.Debug|Any CPU.ActiveCfg = Debug|Any CPU
		{DF6CB48C-0B78-4B2E-A94F-BBB86753F1CA}.Debug|Any CPU.Build.0 = Debug|Any CPU
		{DF6CB48C-0B78-4B2E-A94F-BBB86753F1CA}.Release|Any CPU.ActiveCfg = Release|Any CPU
		{DF6CB48C-0B78-4B2E-A94F-BBB86753F1CA}.Release|Any CPU.Build.0 = Release|Any CPU
	EndGlobalSection
	GlobalSection(SolutionProperties) = preSolution
		HideSolutionNode = FALSE
	EndGlobalSection
	GlobalSection(NestedProjects) = preSolution
		{7B438652-696E-4411-8F39-F66D79C2EAA5} = {80389DB6-762E-4AD8-BA22-B51A406A3117}
		{144AAFCE-D2C8-4383-ABD9-1517EF73F7F5} = {80389DB6-762E-4AD8-BA22-B51A406A3117}
		{98116C8B-9E1F-4F4A-872E-D4C23A5D5973} = {80389DB6-762E-4AD8-BA22-B51A406A3117}
		{FDA81013-B48B-4C24-8EA9-4C106F88E04F} = {0C3F79FC-ED41-4B64-9CEA-62089CF633EC}
		{4AAA215A-B828-40FF-B142-C67002A891DF} = {D1829EA7-EDE7-452F-87AF-93A3D7A90808}
		{A54F16D6-C2C5-4C51-BD72-E5603D85781A} = {501D263B-BF10-4967-B2FD-48F03C3A5BF2}
		{7C4B7A52-6AC9-4E99-BCD1-4C07408BC52E} = {63F2FB40-B37A-4A98-82C4-D87A78C55528}
		{CD864972-6D40-455A-B210-3E1FE9587499} = {0C3F79FC-ED41-4B64-9CEA-62089CF633EC}
		{39B69391-99D3-4735-8965-059B0E89175D} = {D1829EA7-EDE7-452F-87AF-93A3D7A90808}
		{C6341422-DA5F-41CE-8745-C6078BE15DFB} = {501D263B-BF10-4967-B2FD-48F03C3A5BF2}
		{53AB29C0-4865-4708-9D64-2F397B2417C5} = {63F2FB40-B37A-4A98-82C4-D87A78C55528}
		{D93C9D75-AFAF-4D04-B9F5-934DAEECD265} = {0C3F79FC-ED41-4B64-9CEA-62089CF633EC}
		{90AD5DD1-51B8-46AD-9286-9324FF5441ED} = {D1829EA7-EDE7-452F-87AF-93A3D7A90808}
		{3507E8F3-7E42-4F12-A3F5-08094E886D6E} = {501D263B-BF10-4967-B2FD-48F03C3A5BF2}
		{4FF284E9-78D1-4173-BAB8-4E44FA120D60} = {63F2FB40-B37A-4A98-82C4-D87A78C55528}
		{06FFA2FF-ADBE-41F6-A6CB-0D4FE927F5AC} = {98116C8B-9E1F-4F4A-872E-D4C23A5D5973}
		{87635EC9-E9A5-4001-9CCD-661CBEDE5339} = {7B438652-696E-4411-8F39-F66D79C2EAA5}
		{3F4E311B-0A41-44C8-84C9-2693F60EE468} = {98116C8B-9E1F-4F4A-872E-D4C23A5D5973}
		{59E6317F-44F6-4E17-A0DB-6E2CF284915D} = {7B438652-696E-4411-8F39-F66D79C2EAA5}
		{D926ECC6-8866-430F-831F-307FF625B5F2} = {98116C8B-9E1F-4F4A-872E-D4C23A5D5973}
		{69F402E9-59D5-466A-982A-78BAC17279BC} = {FDA81013-B48B-4C24-8EA9-4C106F88E04F}
		{1945641D-283C-4281-831E-29C7C2C216BF} = {FDA81013-B48B-4C24-8EA9-4C106F88E04F}
		{C7817AE5-4C7F-4B7A-A12D-2C52E4F335E0} = {FDA81013-B48B-4C24-8EA9-4C106F88E04F}
		{88878764-6D9F-4DFC-A80A-B14C545C6661} = {4AAA215A-B828-40FF-B142-C67002A891DF}
		{0F7EBDA7-BCC3-497F-9C8F-013D0D4AADAE} = {4AAA215A-B828-40FF-B142-C67002A891DF}
		{2ACCF96D-C868-441B-AA33-3F9606F200C4} = {4AAA215A-B828-40FF-B142-C67002A891DF}
		{BBEB4C33-22C1-4175-9661-FF0FB241AB42} = {90AD5DD1-51B8-46AD-9286-9324FF5441ED}
		{DAFB7CD9-FBD2-4655-8966-77F6CAD1C52B} = {90AD5DD1-51B8-46AD-9286-9324FF5441ED}
		{DF6CB48C-0B78-4B2E-A94F-BBB86753F1CA} = {90AD5DD1-51B8-46AD-9286-9324FF5441ED}
	EndGlobalSection
	GlobalSection(ExtensibilityGlobals) = postSolution
		SolutionGuid = {AA6FDA2C-0BE9-4E61-9905-5D5E3F6CD68F}
	EndGlobalSection
EndGlobal
