
Microsoft Visual Studio Solution File, Format Version 12.00
# Visual Studio Version 17
VisualStudioVersion = 17.7.34024.191
MinimumVisualStudioVersion = 10.0.40219.1
Project("{9A19103F-16F7-4668-BE54-9A1E7A4F7556}") = "Organico", "Organico\Organico.csproj", "{D1AECEC4-19F5-48FD-ABD2-B43EE6DADCEC}"
EndProject
Project("{9A19103F-16F7-4668-BE54-9A1E7A4F7556}") = "Organico.Library", "Organico.Library\Organico.Library.csproj", "{EC36A86A-EB64-4EA0-B12B-8DFE57A77F8B}"
EndProject
Global
	GlobalSection(SolutionConfigurationPlatforms) = preSolution
		Debug|Any CPU = Debug|Any CPU
		Release|Any CPU = Release|Any CPU
	EndGlobalSection
	GlobalSection(ProjectConfigurationPlatforms) = postSolution
		{D1AECEC4-19F5-48FD-ABD2-B43EE6DADCEC}.Debug|Any CPU.ActiveCfg = Debug|Any CPU
		{D1AECEC4-19F5-48FD-ABD2-B43EE6DADCEC}.Debug|Any CPU.Build.0 = Debug|Any CPU
		{D1AECEC4-19F5-48FD-ABD2-B43EE6DADCEC}.Release|Any CPU.ActiveCfg = Release|Any CPU
		{D1AECEC4-19F5-48FD-ABD2-B43EE6DADCEC}.Release|Any CPU.Build.0 = Release|Any CPU
		{EC36A86A-EB64-4EA0-B12B-8DFE57A77F8B}.Debug|Any CPU.ActiveCfg = Debug|Any CPU
		{EC36A86A-EB64-4EA0-B12B-8DFE57A77F8B}.Debug|Any CPU.Build.0 = Debug|Any CPU
		{EC36A86A-EB64-4EA0-B12B-8DFE57A77F8B}.Release|Any CPU.ActiveCfg = Release|Any CPU
		{EC36A86A-EB64-4EA0-B12B-8DFE57A77F8B}.Release|Any CPU.Build.0 = Release|Any CPU
	EndGlobalSection
	GlobalSection(SolutionProperties) = preSolution
		HideSolutionNode = FALSE
	EndGlobalSection
	GlobalSection(ExtensibilityGlobals) = postSolution
		SolutionGuid = {626386B1-EEFF-4F3B-AD74-FB17520AC82B}
	EndGlobalSection
EndGlobal
