
Microsoft Visual Studio Solution File, Format Version 12.00
# Visual Studio Version 17
VisualStudioVersion = 17.7.34024.191
MinimumVisualStudioVersion = 10.0.40219.1
Project("{2150E333-8FDC-42A3-9474-1A3956D46DE8}") = "Aula02", "Aula02", "{0C3F79FC-ED41-4B64-9CEA-62089CF633EC}"
EndProject
Project("{2150E333-8FDC-42A3-9474-1A3956D46DE8}") = "antes", "antes", "{FDA81013-B48B-4C24-8EA9-4C106F88E04F}"
EndProject
Project("{2150E333-8FDC-42A3-9474-1A3956D46DE8}") = "depois", "depois", "{D93C9D75-AFAF-4D04-B9F5-934DAEECD265}"
EndProject
Project("{9A19103F-16F7-4668-BE54-9A1E7A4F7556}") = "Organico.Vida", "antes\Organico.Vida\Organico.Vida.csproj", "{D67CB759-1DCB-4FC0-B239-B16078EB68DC}"
EndProject
Project("{FAE04EC0-301F-11D3-BF4B-00C04F79EFBC}") = "Oct12OrganicoApp", "Oct12OrganicoApp\Oct12OrganicoApp.csproj", "{EC6E825B-BA0F-444B-AF7A-01B64D69ED8A}"
EndProject
Project("{FAE04EC0-301F-11D3-BF4B-00C04F79EFBC}") = "Organico.Vida.Library", "antes\Organico.Vida.Library\Organico.Vida.Library.csproj", "{9087B232-34CA-4AB4-BC8B-B82795B561D4}"
EndProject
Global
	GlobalSection(SolutionConfigurationPlatforms) = preSolution
		Debug|Any CPU = Debug|Any CPU
		Release|Any CPU = Release|Any CPU
	EndGlobalSection
	GlobalSection(ProjectConfigurationPlatforms) = postSolution
		{D67CB759-1DCB-4FC0-B239-B16078EB68DC}.Debug|Any CPU.ActiveCfg = Debug|Any CPU
		{D67CB759-1DCB-4FC0-B239-B16078EB68DC}.Debug|Any CPU.Build.0 = Debug|Any CPU
		{D67CB759-1DCB-4FC0-B239-B16078EB68DC}.Release|Any CPU.ActiveCfg = Release|Any CPU
		{D67CB759-1DCB-4FC0-B239-B16078EB68DC}.Release|Any CPU.Build.0 = Release|Any CPU
		{EC6E825B-BA0F-444B-AF7A-01B64D69ED8A}.Debug|Any CPU.ActiveCfg = Debug|Any CPU
		{EC6E825B-BA0F-444B-AF7A-01B64D69ED8A}.Debug|Any CPU.Build.0 = Debug|Any CPU
		{EC6E825B-BA0F-444B-AF7A-01B64D69ED8A}.Release|Any CPU.ActiveCfg = Release|Any CPU
		{EC6E825B-BA0F-444B-AF7A-01B64D69ED8A}.Release|Any CPU.Build.0 = Release|Any CPU
		{9087B232-34CA-4AB4-BC8B-B82795B561D4}.Debug|Any CPU.ActiveCfg = Debug|Any CPU
		{9087B232-34CA-4AB4-BC8B-B82795B561D4}.Debug|Any CPU.Build.0 = Debug|Any CPU
		{9087B232-34CA-4AB4-BC8B-B82795B561D4}.Release|Any CPU.ActiveCfg = Release|Any CPU
		{9087B232-34CA-4AB4-BC8B-B82795B561D4}.Release|Any CPU.Build.0 = Release|Any CPU
	EndGlobalSection
	GlobalSection(SolutionProperties) = preSolution
		HideSolutionNode = FALSE
	EndGlobalSection
	GlobalSection(NestedProjects) = preSolution
		{FDA81013-B48B-4C24-8EA9-4C106F88E04F} = {0C3F79FC-ED41-4B64-9CEA-62089CF633EC}
		{D93C9D75-AFAF-4D04-B9F5-934DAEECD265} = {0C3F79FC-ED41-4B64-9CEA-62089CF633EC}
		{D67CB759-1DCB-4FC0-B239-B16078EB68DC} = {FDA81013-B48B-4C24-8EA9-4C106F88E04F}
		{EC6E825B-BA0F-444B-AF7A-01B64D69ED8A} = {FDA81013-B48B-4C24-8EA9-4C106F88E04F}
		{9087B232-34CA-4AB4-BC8B-B82795B561D4} = {FDA81013-B48B-4C24-8EA9-4C106F88E04F}
	EndGlobalSection
	GlobalSection(ExtensibilityGlobals) = postSolution
		SolutionGuid = {AA6FDA2C-0BE9-4E61-9905-5D5E3F6CD68F}
	EndGlobalSection
EndGlobal
